{
  "name": "agent_project",
  "version": "1.0.0",
  "lockfileVersion": 2,
  "requires": true,
  "packages": {
    "": {
      "name": "agent_project",
      "version": "1.0.0",
      "license": "ISC",
      "devDependencies": {
        "@microsoft/teams-app-test-tool": "^0.2.18"
      }
    },
    "node_modules/@microsoft/teams-app-test-tool": {
      "version": "0.2.18",
      "resolved": "https://registry.npmjs.org/@microsoft/teams-app-test-tool/-/teams-app-test-tool-0.2.18.tgz",
      "integrity": "sha512-wUwY5cKiOzAh26C5SWKrwzRvmGfuQosUxfICEDQmnHMOksARO0If/CER0/atQ5piHsDNZ3V2bns6mBn1s4N5Cg==",
      "dev": true,
      "bin": {
        "agentsplayground": "cli.js",
        "teamsapptester": "cli.js"
      }
    }
  },
  "dependencies": {
    "@microsoft/teams-app-test-tool": {
      "version": "0.2.18",
      "resolved": "https://registry.npmjs.org/@microsoft/teams-app-test-tool/-/teams-app-test-tool-0.2.18.tgz",
      "integrity": "sha512-wUwY5cKiOzAh26C5SWKrwzRvmGfuQosUxfICEDQmnHMOksARO0If/CER0/atQ5piHsDNZ3V2bns6mBn1s4N5Cg==",
      "dev": true
    }
  }
}
